{
  "originHash" : "1231d5f343eacdd69a96bdcae01b3fc3bbdb0f7c0daea357d916830f633644b4",
  "pins" : [
    {
      "identity" : "plate",
      "kind" : "remoteSourceControl",
      "location" : "https://github.com/leviouwendijk/plate.git",
      "state" : {
        "branch" : "master",
        "revision" : "2e59f7905c6433efb9f2bbd1e24704eb7766ac6e"
      }
    },
    {
      "identity" : "structures",
      "kind" : "remoteSourceControl",
      "location" : "https://github.com/leviouwendijk/Structures.git",
      "state" : {
        "branch" : "master",
        "revision" : "1e32ad705aa4c84c2c680e61e8de2b18565470e6"
      }
    }
  ],
  "version" : 3
}
