{
  "originHash" : "05cac0fa73d93ae5593394d8fb1f324ef05ae16fff5e0a202b270b37087786a3",
  "pins" : [
    {
      "identity" : "pkl-swift",
      "kind" : "remoteSourceControl",
      "location" : "https://github.com/apple/pkl-swift",
      "state" : {
        "revision" : "843d1664d31a068ad1cc5816be4d3e654bf4b99c",
        "version" : "0.7.0"
      }
    },
    {
      "identity" : "plate",
      "kind" : "remoteSourceControl",
      "location" : "https://github.com/leviouwendijk/plate.git",
      "state" : {
        "branch" : "master",
        "revision" : "a0e4570ad7fbaacd3bd80d81ee447475f1139cd1"
      }
    },
    {
      "identity" : "semanticversion",
      "kind" : "remoteSourceControl",
      "location" : "https://github.com/SwiftPackageIndex/SemanticVersion",
      "state" : {
        "revision" : "3b18d75a3cece558fb98e72d7dd5c83394d86d5b",
        "version" : "0.5.1"
      }
    },
    {
      "identity" : "structures",
      "kind" : "remoteSourceControl",
      "location" : "https://github.com/leviouwendijk/Structures.git",
      "state" : {
        "branch" : "master",
        "revision" : "19b0de73ee7cdedf6f6b2641716cb239527034de"
      }
    },
    {
      "identity" : "swift-argument-parser",
      "kind" : "remoteSourceControl",
      "location" : "https://github.com/apple/swift-argument-parser.git",
      "state" : {
        "revision" : "cdd0ef3755280949551dc26dee5de9ddeda89f54",
        "version" : "1.6.2"
      }
    },
    {
      "identity" : "swift-system",
      "kind" : "remoteSourceControl",
      "location" : "https://github.com/apple/swift-system",
      "state" : {
        "revision" : "395a77f0aa927f0ff73941d7ac35f2b46d47c9db",
        "version" : "1.6.3"
      }
    }
  ],
  "version" : 3
}
